
Microsoft Visual Studio Solution File, Format Version 12.00
# Visual Studio Version 16
VisualStudioVersion = 16.0.31829.152
MinimumVisualStudioVersion = 10.0.40219.1
Project("{9A19103F-16F7-4668-BE54-9A1E7A4F7556}") = "APICatalog", "APICatalog\APICatalog.csproj", "{053A2C7C-E6D9-4F4B-8980-88FFE2A59C7E}"
EndProject
Project("{FAE04EC0-301F-11D3-BF4B-00C04F79EFBC}") = "ApiCatalogxUnitTests", "ApiCatalogxUnitTests\ApiCatalogxUnitTests.csproj", "{93C80099-27A8-4662-92F1-360932B45ABF}"
EndProject
Global
	GlobalSection(SolutionConfigurationPlatforms) = preSolution
		Debug|Any CPU = Debug|Any CPU
		Release|Any CPU = Release|Any CPU
	EndGlobalSection
	GlobalSection(ProjectConfigurationPlatforms) = postSolution
		{053A2C7C-E6D9-4F4B-8980-88FFE2A59C7E}.Debug|Any CPU.ActiveCfg = Debug|Any CPU
		{053A2C7C-E6D9-4F4B-8980-88FFE2A59C7E}.Debug|Any CPU.Build.0 = Debug|Any CPU
		{053A2C7C-E6D9-4F4B-8980-88FFE2A59C7E}.Release|Any CPU.ActiveCfg = Release|Any CPU
		{053A2C7C-E6D9-4F4B-8980-88FFE2A59C7E}.Release|Any CPU.Build.0 = Release|Any CPU
		{93C80099-27A8-4662-92F1-360932B45ABF}.Debug|Any CPU.ActiveCfg = Debug|Any CPU
		{93C80099-27A8-4662-92F1-360932B45ABF}.Debug|Any CPU.Build.0 = Debug|Any CPU
		{93C80099-27A8-4662-92F1-360932B45ABF}.Release|Any CPU.ActiveCfg = Release|Any CPU
		{93C80099-27A8-4662-92F1-360932B45ABF}.Release|Any CPU.Build.0 = Release|Any CPU
	EndGlobalSection
	GlobalSection(SolutionProperties) = preSolution
		HideSolutionNode = FALSE
	EndGlobalSection
	GlobalSection(ExtensibilityGlobals) = postSolution
		SolutionGuid = {E2D78D49-E570-4914-B7B3-4344FDB7E9CF}
	EndGlobalSection
EndGlobal
